
Microsoft Visual Studio Solution File, Format Version 12.00
# Visual Studio 15
Project("{FAE04EC0-301F-11D3-BF4B-00C04F79EFBC}") = "Assembly-CSharp-firstpass", "Assembly-CSharp-firstpass.csproj", "{7CED0F7D-8821-6E31-AD4E-E51D70283EE4}"
EndProject
Project("{FAE04EC0-301F-11D3-BF4B-00C04F79EFBC}") = "Assembly-CSharp", "Assembly-CSharp.csproj", "{E9360CB0-BD59-D88D-1E34-8F55FADBA24E}"
EndProject
Project("{FAE04EC0-301F-11D3-BF4B-00C04F79EFBC}") = "Assembly-CSharp-Editor-firstpass", "Assembly-CSharp-Editor-firstpass.csproj", "{2C81E1B7-A5E1-4B32-53B8-147DF7034FF9}"
EndProject
Project("{FAE04EC0-301F-11D3-BF4B-00C04F79EFBC}") = "Assembly-CSharp-Editor", "Assembly-CSharp-Editor.csproj", "{9485DF34-5D23-C707-9FAC-584437E7DFC7}"
EndProject
Global
	GlobalSection(SolutionConfigurationPlatforms) = preSolution
		Debug|Any CPU = Debug|Any CPU
		Release|Any CPU = Release|Any CPU
	EndGlobalSection
	GlobalSection(ProjectConfigurationPlatforms) = postSolution
		{7CED0F7D-8821-6E31-AD4E-E51D70283EE4}.Debug|Any CPU.ActiveCfg = Debug|Any CPU
		{7CED0F7D-8821-6E31-AD4E-E51D70283EE4}.Debug|Any CPU.Build.0 = Debug|Any CPU
		{7CED0F7D-8821-6E31-AD4E-E51D70283EE4}.Release|Any CPU.ActiveCfg = Release|Any CPU
		{7CED0F7D-8821-6E31-AD4E-E51D70283EE4}.Release|Any CPU.Build.0 = Release|Any CPU
		{E9360CB0-BD59-D88D-1E34-8F55FADBA24E}.Debug|Any CPU.ActiveCfg = Debug|Any CPU
		{E9360CB0-BD59-D88D-1E34-8F55FADBA24E}.Debug|Any CPU.Build.0 = Debug|Any CPU
		{E9360CB0-BD59-D88D-1E34-8F55FADBA24E}.Release|Any CPU.ActiveCfg = Release|Any CPU
		{E9360CB0-BD59-D88D-1E34-8F55FADBA24E}.Release|Any CPU.Build.0 = Release|Any CPU
		{2C81E1B7-A5E1-4B32-53B8-147DF7034FF9}.Debug|Any CPU.ActiveCfg = Debug|Any CPU
		{2C81E1B7-A5E1-4B32-53B8-147DF7034FF9}.Debug|Any CPU.Build.0 = Debug|Any CPU
		{2C81E1B7-A5E1-4B32-53B8-147DF7034FF9}.Release|Any CPU.ActiveCfg = Release|Any CPU
		{2C81E1B7-A5E1-4B32-53B8-147DF7034FF9}.Release|Any CPU.Build.0 = Release|Any CPU
		{9485DF34-5D23-C707-9FAC-584437E7DFC7}.Debug|Any CPU.ActiveCfg = Debug|Any CPU
		{9485DF34-5D23-C707-9FAC-584437E7DFC7}.Debug|Any CPU.Build.0 = Debug|Any CPU
		{9485DF34-5D23-C707-9FAC-584437E7DFC7}.Release|Any CPU.ActiveCfg = Release|Any CPU
		{9485DF34-5D23-C707-9FAC-584437E7DFC7}.Release|Any CPU.Build.0 = Release|Any CPU
	EndGlobalSection
	GlobalSection(SolutionProperties) = preSolution
		HideSolutionNode = FALSE
	EndGlobalSection
EndGlobal
